
Microsoft Visual Studio Solution File, Format Version 12.00
# Visual Studio Version 17
VisualStudioVersion = 17.11.35219.272
MinimumVisualStudioVersion = 10.0.40219.1
Project("{FAE04EC0-301F-11D3-BF4B-00C04F79EFBC}") = "week4 challenge 3", "week4 challenge 3.csproj", "{DF42269D-05EE-4D55-945F-684920ED7A1A}"
EndProject
Global
	GlobalSection(SolutionConfigurationPlatforms) = preSolution
		Debug|Any CPU = Debug|Any CPU
		Release|Any CPU = Release|Any CPU
	EndGlobalSection
	GlobalSection(ProjectConfigurationPlatforms) = postSolution
		{DF42269D-05EE-4D55-945F-684920ED7A1A}.Debug|Any CPU.ActiveCfg = Debug|Any CPU
		{DF42269D-05EE-4D55-945F-684920ED7A1A}.Debug|Any CPU.Build.0 = Debug|Any CPU
		{DF42269D-05EE-4D55-945F-684920ED7A1A}.Release|Any CPU.ActiveCfg = Release|Any CPU
		{DF42269D-05EE-4D55-945F-684920ED7A1A}.Release|Any CPU.Build.0 = Release|Any CPU
	EndGlobalSection
	GlobalSection(SolutionProperties) = preSolution
		HideSolutionNode = FALSE
	EndGlobalSection
	GlobalSection(ExtensibilityGlobals) = postSolution
		SolutionGuid = {C0C6A91A-CB98-48D7-8961-81275EB0A572}
	EndGlobalSection
EndGlobal
